// !$*UTF8*$!
{
	archiveVersion = 1;
	classes = {
	};
	objectVersion = 56;
	objects = {

/* Begin PBXBuildFile section */
		10288D1A2D07724600EF09CE /* LoginUserView.swift in Sources */ = {isa = PBXBuildFile; fileRef = 10288D192D07724600EF09CE /* LoginUserView.swift */; };
		10288D1C2D0775B300EF09CE /* RegisterUserView.swift in Sources */ = {isa = PBXBuildFile; fileRef = 10288D1B2D0775B300EF09CE /* RegisterUserView.swift */; };
		106E78C42D0B7CB100D79A58 /* CustomTextField.swift in Sources */ = {isa = PBXBuildFile; fileRef = 106E78C32D0B7CB100D79A58 /* CustomTextField.swift */; };
		107D54C02D96E26C00A551FD /* CustomAlertView.swift in Sources */ = {isa = PBXBuildFile; fileRef = 107D54BF2D96E26500A551FD /* CustomAlertView.swift */; };
		107D54C22D96E2AA00A551FD /* CustomAlertType.swift in Sources */ = {isa = PBXBuildFile; fileRef = 107D54C12D96E2A400A551FD /* CustomAlertType.swift */; };
		107D54C52D96E95F00A551FD /* FirebaseStorage in Frameworks */ = {isa = PBXBuildFile; productRef = 107D54C42D96E95F00A551FD /* FirebaseStorage */; };
		107D54C92D96ED0E00A551FD /* GoogleService-Info.plist in Resources */ = {isa = PBXBuildFile; fileRef = 107D54C82D96ED0E00A551FD /* GoogleService-Info.plist */; };
		107D54CB2D96F23200A551FD /* FirebaseImage.swift in Sources */ = {isa = PBXBuildFile; fileRef = 107D54CA2D96F22D00A551FD /* FirebaseImage.swift */; };
		107D54CE2D96F81A00A551FD /* FirebaseDatabase in Frameworks */ = {isa = PBXBuildFile; productRef = 107D54CD2D96F81A00A551FD /* FirebaseDatabase */; };
		107D54D02D97088B00A551FD /* AppDelegate.swift in Sources */ = {isa = PBXBuildFile; fileRef = 107D54CF2D97088600A551FD /* AppDelegate.swift */; };
		107D54D32D9708C100A551FD /* FirebaseFactory.swift in Sources */ = {isa = PBXBuildFile; fileRef = 107D54D22D9708B900A551FD /* FirebaseFactory.swift */; };
		108DD63E2D650E8000D18BA6 /* CustomAlert.swift in Sources */ = {isa = PBXBuildFile; fileRef = 108DD63D2D650E8000D18BA6 /* CustomAlert.swift */; };
		108DD6402D6523E400D18BA6 /* SymbolEffect+Ext.swift in Sources */ = {isa = PBXBuildFile; fileRef = 108DD63F2D6523E400D18BA6 /* SymbolEffect+Ext.swift */; };
		108DD6422D6524FA00D18BA6 /* TestView.swift in Sources */ = {isa = PBXBuildFile; fileRef = 108DD6412D6524FA00D18BA6 /* TestView.swift */; };
		10AEBDC62CDA4B4300EB243A /* Date+Ext.swift in Sources */ = {isa = PBXBuildFile; fileRef = 10AEBDC52CDA4B4300EB243A /* Date+Ext.swift */; };
		845913082AFBF9AA00DECA16 /* User.swift in Sources */ = {isa = PBXBuildFile; fileRef = 845913072AFBF9AA00DECA16 /* User.swift */; };
		8459130B2AFC077D00DECA16 /* OrderEmptyStateView.swift in Sources */ = {isa = PBXBuildFile; fileRef = 8459130A2AFC077D00DECA16 /* OrderEmptyStateView.swift */; };
		8459130D2AFC498500DECA16 /* Order.swift in Sources */ = {isa = PBXBuildFile; fileRef = 8459130C2AFC498500DECA16 /* Order.swift */; };
		84C557122AF55FDA00B872C5 /* Dish.swift in Sources */ = {isa = PBXBuildFile; fileRef = 84C557112AF55FDA00B872C5 /* Dish.swift */; };
		84C557142AF5636500B872C5 /* DishCellView.swift in Sources */ = {isa = PBXBuildFile; fileRef = 84C557132AF5636500B872C5 /* DishCellView.swift */; };
		84C557162AF56B2B00B872C5 /* NetworkManager.swift in Sources */ = {isa = PBXBuildFile; fileRef = 84C557152AF56B2B00B872C5 /* NetworkManager.swift */; };
		84C557182AF56C6100B872C5 /* MyError.swift in Sources */ = {isa = PBXBuildFile; fileRef = 84C557172AF56C6100B872C5 /* MyError.swift */; };
		84C5571A2AF576E700B872C5 /* DishListViewModel.swift in Sources */ = {isa = PBXBuildFile; fileRef = 84C557192AF576E700B872C5 /* DishListViewModel.swift */; };
		84C5571C2AF8087500B872C5 /* Alert.swift in Sources */ = {isa = PBXBuildFile; fileRef = 84C5571B2AF8087500B872C5 /* Alert.swift */; };
		84C5571E2AF80D3800B872C5 /* LoadingView.swift in Sources */ = {isa = PBXBuildFile; fileRef = 84C5571D2AF80D3800B872C5 /* LoadingView.swift */; };
		84C557302AF925B100B872C5 /* DishDetailView.swift in Sources */ = {isa = PBXBuildFile; fileRef = 84C5572F2AF925B100B872C5 /* DishDetailView.swift */; };
		84C557332AF955C500B872C5 /* MyButtonView.swift in Sources */ = {isa = PBXBuildFile; fileRef = 84C557322AF955C500B872C5 /* MyButtonView.swift */; };
		84C557352AF9571800B872C5 /* XDismissButton.swift in Sources */ = {isa = PBXBuildFile; fileRef = 84C557342AF9571800B872C5 /* XDismissButton.swift */; };
		84C557372AF960CE00B872C5 /* AccountViewModel.swift in Sources */ = {isa = PBXBuildFile; fileRef = 84C557362AF960CE00B872C5 /* AccountViewModel.swift */; };
		84C5573A2AF963CC00B872C5 /* String+Ext.swift in Sources */ = {isa = PBXBuildFile; fileRef = 84C557392AF963CC00B872C5 /* String+Ext.swift */; };
		84E236342AF3C42900AEE5F1 /* testing4App.swift in Sources */ = {isa = PBXBuildFile; fileRef = 84E236332AF3C42900AEE5F1 /* testing4App.swift */; };
		84E236362AF3C42900AEE5F1 /* CookerinhoTabViews.swift in Sources */ = {isa = PBXBuildFile; fileRef = 84E236352AF3C42900AEE5F1 /* CookerinhoTabViews.swift */; };
		84E236382AF3C42B00AEE5F1 /* Assets.xcassets in Resources */ = {isa = PBXBuildFile; fileRef = 84E236372AF3C42B00AEE5F1 /* Assets.xcassets */; };
		84E2363B2AF3C42B00AEE5F1 /* Preview Assets.xcassets in Resources */ = {isa = PBXBuildFile; fileRef = 84E2363A2AF3C42B00AEE5F1 /* Preview Assets.xcassets */; };
		84E236422AF3C61B00AEE5F1 /* OrderView.swift in Sources */ = {isa = PBXBuildFile; fileRef = 84E236412AF3C61B00AEE5F1 /* OrderView.swift */; };
		84E236442AF3C7BC00AEE5F1 /* DishListView.swift in Sources */ = {isa = PBXBuildFile; fileRef = 84E236432AF3C7BC00AEE5F1 /* DishListView.swift */; };
		84E236462AF3C8E100AEE5F1 /* AccountView.swift in Sources */ = {isa = PBXBuildFile; fileRef = 84E236452AF3C8E100AEE5F1 /* AccountView.swift */; };
/* End PBXBuildFile section */

/* Begin PBXFileReference section */
		10288D192D07724600EF09CE /* LoginUserView.swift */ = {isa = PBXFileReference; lastKnownFileType = sourcecode.swift; path = LoginUserView.swift; sourceTree = "<group>"; };
		10288D1B2D0775B300EF09CE /* RegisterUserView.swift */ = {isa = PBXFileReference; lastKnownFileType = sourcecode.swift; path = RegisterUserView.swift; sourceTree = "<group>"; };
		106E78C32D0B7CB100D79A58 /* CustomTextField.swift */ = {isa = PBXFileReference; lastKnownFileType = sourcecode.swift; path = CustomTextField.swift; sourceTree = "<group>"; };
		107D54BF2D96E26500A551FD /* CustomAlertView.swift */ = {isa = PBXFileReference; lastKnownFileType = sourcecode.swift; path = CustomAlertView.swift; sourceTree = "<group>"; };
		107D54C12D96E2A400A551FD /* CustomAlertType.swift */ = {isa = PBXFileReference; lastKnownFileType = sourcecode.swift; path = CustomAlertType.swift; sourceTree = "<group>"; };
		107D54C82D96ED0E00A551FD /* GoogleService-Info.plist */ = {isa = PBXFileReference; lastKnownFileType = text.plist.xml; path = "GoogleService-Info.plist"; sourceTree = "<group>"; };
		107D54CA2D96F22D00A551FD /* FirebaseImage.swift */ = {isa = PBXFileReference; lastKnownFileType = sourcecode.swift; path = FirebaseImage.swift; sourceTree = "<group>"; };
		107D54CF2D97088600A551FD /* AppDelegate.swift */ = {isa = PBXFileReference; lastKnownFileType = sourcecode.swift; path = AppDelegate.swift; sourceTree = "<group>"; };
		107D54D22D9708B900A551FD /* FirebaseFactory.swift */ = {isa = PBXFileReference; lastKnownFileType = sourcecode.swift; path = FirebaseFactory.swift; sourceTree = "<group>"; };
		108DD63D2D650E8000D18BA6 /* CustomAlert.swift */ = {isa = PBXFileReference; lastKnownFileType = sourcecode.swift; path = CustomAlert.swift; sourceTree = "<group>"; };
		108DD63F2D6523E400D18BA6 /* SymbolEffect+Ext.swift */ = {isa = PBXFileReference; lastKnownFileType = sourcecode.swift; path = "SymbolEffect+Ext.swift"; sourceTree = "<group>"; };
		108DD6412D6524FA00D18BA6 /* TestView.swift */ = {isa = PBXFileReference; lastKnownFileType = sourcecode.swift; path = TestView.swift; sourceTree = "<group>"; };
		10AEBDC52CDA4B4300EB243A /* Date+Ext.swift */ = {isa = PBXFileReference; lastKnownFileType = sourcecode.swift; path = "Date+Ext.swift"; sourceTree = "<group>"; };
		845913072AFBF9AA00DECA16 /* User.swift */ = {isa = PBXFileReference; lastKnownFileType = sourcecode.swift; path = User.swift; sourceTree = "<group>"; };
		8459130A2AFC077D00DECA16 /* OrderEmptyStateView.swift */ = {isa = PBXFileReference; lastKnownFileType = sourcecode.swift; path = OrderEmptyStateView.swift; sourceTree = "<group>"; };
		8459130C2AFC498500DECA16 /* Order.swift */ = {isa = PBXFileReference; lastKnownFileType = sourcecode.swift; path = Order.swift; sourceTree = "<group>"; };
		84C557112AF55FDA00B872C5 /* Dish.swift */ = {isa = PBXFileReference; lastKnownFileType = sourcecode.swift; path = Dish.swift; sourceTree = "<group>"; };
		84C557132AF5636500B872C5 /* DishCellView.swift */ = {isa = PBXFileReference; lastKnownFileType = sourcecode.swift; path = DishCellView.swift; sourceTree = "<group>"; };
		84C557152AF56B2B00B872C5 /* NetworkManager.swift */ = {isa = PBXFileReference; lastKnownFileType = sourcecode.swift; path = NetworkManager.swift; sourceTree = "<group>"; };
		84C557172AF56C6100B872C5 /* MyError.swift */ = {isa = PBXFileReference; lastKnownFileType = sourcecode.swift; path = MyError.swift; sourceTree = "<group>"; };
		84C557192AF576E700B872C5 /* DishListViewModel.swift */ = {isa = PBXFileReference; lastKnownFileType = sourcecode.swift; path = DishListViewModel.swift; sourceTree = "<group>"; };
		84C5571B2AF8087500B872C5 /* Alert.swift */ = {isa = PBXFileReference; lastKnownFileType = sourcecode.swift; path = Alert.swift; sourceTree = "<group>"; };
		84C5571D2AF80D3800B872C5 /* LoadingView.swift */ = {isa = PBXFileReference; lastKnownFileType = sourcecode.swift; path = LoadingView.swift; sourceTree = "<group>"; };
		84C5572F2AF925B100B872C5 /* DishDetailView.swift */ = {isa = PBXFileReference; lastKnownFileType = sourcecode.swift; path = DishDetailView.swift; sourceTree = "<group>"; };
		84C557322AF955C500B872C5 /* MyButtonView.swift */ = {isa = PBXFileReference; lastKnownFileType = sourcecode.swift; path = MyButtonView.swift; sourceTree = "<group>"; };
		84C557342AF9571800B872C5 /* XDismissButton.swift */ = {isa = PBXFileReference; lastKnownFileType = sourcecode.swift; path = XDismissButton.swift; sourceTree = "<group>"; };
		84C557362AF960CE00B872C5 /* AccountViewModel.swift */ = {isa = PBXFileReference; lastKnownFileType = sourcecode.swift; path = AccountViewModel.swift; sourceTree = "<group>"; };
		84C557392AF963CC00B872C5 /* String+Ext.swift */ = {isa = PBXFileReference; lastKnownFileType = sourcecode.swift; path = "String+Ext.swift"; sourceTree = "<group>"; };
		84E236302AF3C42900AEE5F1 /* testing4.app */ = {isa = PBXFileReference; explicitFileType = wrapper.application; includeInIndex = 0; path = testing4.app; sourceTree = BUILT_PRODUCTS_DIR; };
		84E236332AF3C42900AEE5F1 /* testing4App.swift */ = {isa = PBXFileReference; lastKnownFileType = sourcecode.swift; path = testing4App.swift; sourceTree = "<group>"; };
		84E236352AF3C42900AEE5F1 /* CookerinhoTabViews.swift */ = {isa = PBXFileReference; lastKnownFileType = sourcecode.swift; path = CookerinhoTabViews.swift; sourceTree = "<group>"; };
		84E236372AF3C42B00AEE5F1 /* Assets.xcassets */ = {isa = PBXFileReference; lastKnownFileType = folder.assetcatalog; path = Assets.xcassets; sourceTree = "<group>"; };
		84E2363A2AF3C42B00AEE5F1 /* Preview Assets.xcassets */ = {isa = PBXFileReference; lastKnownFileType = folder.assetcatalog; path = "Preview Assets.xcassets"; sourceTree = "<group>"; };
		84E236412AF3C61B00AEE5F1 /* OrderView.swift */ = {isa = PBXFileReference; lastKnownFileType = sourcecode.swift; path = OrderView.swift; sourceTree = "<group>"; };
		84E236432AF3C7BC00AEE5F1 /* DishListView.swift */ = {isa = PBXFileReference; lastKnownFileType = sourcecode.swift; path = DishListView.swift; sourceTree = "<group>"; };
		84E236452AF3C8E100AEE5F1 /* AccountView.swift */ = {isa = PBXFileReference; lastKnownFileType = sourcecode.swift; path = AccountView.swift; sourceTree = "<group>"; };
/* End PBXFileReference section */

/* Begin PBXFrameworksBuildPhase section */
		84E2362D2AF3C42900AEE5F1 /* Frameworks */ = {
			isa = PBXFrameworksBuildPhase;
			buildActionMask = 2147483647;
			files = (
				107D54CE2D96F81A00A551FD /* FirebaseDatabase in Frameworks */,
				107D54C52D96E95F00A551FD /* FirebaseStorage in Frameworks */,
			);
			runOnlyForDeploymentPostprocessing = 0;
		};
/* End PBXFrameworksBuildPhase section */

/* Begin PBXGroup section */
		10288D182D07723100EF09CE /* AppLoginViews */ = {
			isa = PBXGroup;
			children = (
				10288D192D07724600EF09CE /* LoginUserView.swift */,
				10288D1B2D0775B300EF09CE /* RegisterUserView.swift */,
			);
			path = AppLoginViews;
			sourceTree = "<group>";
		};
		106E78C22D0B7C9A00D79A58 /* CustomViews */ = {
			isa = PBXGroup;
			children = (
				107D54CA2D96F22D00A551FD /* FirebaseImage.swift */,
				107D54BF2D96E26500A551FD /* CustomAlertView.swift */,
				106E78C32D0B7CB100D79A58 /* CustomTextField.swift */,
				108DD63D2D650E8000D18BA6 /* CustomAlert.swift */,
				108DD6412D6524FA00D18BA6 /* TestView.swift */,
			);
			path = CustomViews;
			sourceTree = "<group>";
		};
		107D54CC2D96F81A00A551FD /* Frameworks */ = {
			isa = PBXGroup;
			children = (
			);
			name = Frameworks;
			sourceTree = "<group>";
		};
		107D54D12D9708B100A551FD /* Factories */ = {
			isa = PBXGroup;
			children = (
				107D54D22D9708B900A551FD /* FirebaseFactory.swift */,
			);
			path = Factories;
			sourceTree = "<group>";
		};
		845913092AFC075900DECA16 /* Empty States */ = {
			isa = PBXGroup;
			children = (
				8459130A2AFC077D00DECA16 /* OrderEmptyStateView.swift */,
			);
			path = "Empty States";
			sourceTree = "<group>";
		};
		84C557232AF9223200B872C5 /* Screens */ = {
			isa = PBXGroup;
			children = (
				84E236352AF3C42900AEE5F1 /* CookerinhoTabViews.swift */,
				10288D182D07723100EF09CE /* AppLoginViews */,
				84C557242AF9223B00B872C5 /* DishListView */,
				84C557252AF9225500B872C5 /* AccountView */,
				84C557262AF9226100B872C5 /* OrderView */,
			);
			path = Screens;
			sourceTree = "<group>";
		};
		84C557242AF9223B00B872C5 /* DishListView */ = {
			isa = PBXGroup;
			children = (
				84C557192AF576E700B872C5 /* DishListViewModel.swift */,
				84E236432AF3C7BC00AEE5F1 /* DishListView.swift */,
				84C5572F2AF925B100B872C5 /* DishDetailView.swift */,
			);
			path = DishListView;
			sourceTree = "<group>";
		};
		84C557252AF9225500B872C5 /* AccountView */ = {
			isa = PBXGroup;
			children = (
				84E236452AF3C8E100AEE5F1 /* AccountView.swift */,
				84C557362AF960CE00B872C5 /* AccountViewModel.swift */,
			);
			path = AccountView;
			sourceTree = "<group>";
		};
		84C557262AF9226100B872C5 /* OrderView */ = {
			isa = PBXGroup;
			children = (
				84E236412AF3C61B00AEE5F1 /* OrderView.swift */,
			);
			path = OrderView;
			sourceTree = "<group>";
		};
		84C557272AF9232500B872C5 /* Utilities */ = {
			isa = PBXGroup;
			children = (
				107D54D12D9708B100A551FD /* Factories */,
				84C557382AF963B200B872C5 /* Extensions */,
				84C557282AF9233A00B872C5 /* Managers */,
			);
			path = Utilities;
			sourceTree = "<group>";
		};
		84C557282AF9233A00B872C5 /* Managers */ = {
			isa = PBXGroup;
			children = (
				84C557152AF56B2B00B872C5 /* NetworkManager.swift */,
			);
			path = Managers;
			sourceTree = "<group>";
		};
		84C557292AF9235000B872C5 /* Alerts */ = {
			isa = PBXGroup;
			children = (
				107D54C12D96E2A400A551FD /* CustomAlertType.swift */,
				84C5571B2AF8087500B872C5 /* Alert.swift */,
				84C557172AF56C6100B872C5 /* MyError.swift */,
			);
			path = Alerts;
			sourceTree = "<group>";
		};
		84C5572A2AF9238700B872C5 /* Model */ = {
			isa = PBXGroup;
			children = (
				84C557112AF55FDA00B872C5 /* Dish.swift */,
				845913072AFBF9AA00DECA16 /* User.swift */,
				8459130C2AFC498500DECA16 /* Order.swift */,
			);
			path = Model;
			sourceTree = "<group>";
		};
		84C5572B2AF923A500B872C5 /* Views */ = {
			isa = PBXGroup;
			children = (
				106E78C22D0B7C9A00D79A58 /* CustomViews */,
				845913092AFC075900DECA16 /* Empty States */,
				84C557312AF955AE00B872C5 /* Buttons */,
				84C5572D2AF923B800B872C5 /* Cells */,
				84C5572C2AF923AB00B872C5 /* LoadingView */,
			);
			path = Views;
			sourceTree = "<group>";
		};
		84C5572C2AF923AB00B872C5 /* LoadingView */ = {
			isa = PBXGroup;
			children = (
				84C5571D2AF80D3800B872C5 /* LoadingView.swift */,
			);
			path = LoadingView;
			sourceTree = "<group>";
		};
		84C5572D2AF923B800B872C5 /* Cells */ = {
			isa = PBXGroup;
			children = (
				84C557132AF5636500B872C5 /* DishCellView.swift */,
			);
			path = Cells;
			sourceTree = "<group>";
		};
		84C557312AF955AE00B872C5 /* Buttons */ = {
			isa = PBXGroup;
			children = (
				84C557322AF955C500B872C5 /* MyButtonView.swift */,
				84C557342AF9571800B872C5 /* XDismissButton.swift */,
			);
			path = Buttons;
			sourceTree = "<group>";
		};
		84C557382AF963B200B872C5 /* Extensions */ = {
			isa = PBXGroup;
			children = (
				84C557392AF963CC00B872C5 /* String+Ext.swift */,
				10AEBDC52CDA4B4300EB243A /* Date+Ext.swift */,
				108DD63F2D6523E400D18BA6 /* SymbolEffect+Ext.swift */,
			);
			path = Extensions;
			sourceTree = "<group>";
		};
		84E236272AF3C42900AEE5F1 = {
			isa = PBXGroup;
			children = (
				84E236322AF3C42900AEE5F1 /* testing4 */,
				107D54CC2D96F81A00A551FD /* Frameworks */,
				84E236312AF3C42900AEE5F1 /* Products */,
			);
			sourceTree = "<group>";
		};
		84E236312AF3C42900AEE5F1 /* Products */ = {
			isa = PBXGroup;
			children = (
				84E236302AF3C42900AEE5F1 /* testing4.app */,
			);
			name = Products;
			sourceTree = "<group>";
		};
		84E236322AF3C42900AEE5F1 /* testing4 */ = {
			isa = PBXGroup;
			children = (
				107D54CF2D97088600A551FD /* AppDelegate.swift */,
				107D54C82D96ED0E00A551FD /* GoogleService-Info.plist */,
				84E236332AF3C42900AEE5F1 /* testing4App.swift */,
				84C5572B2AF923A500B872C5 /* Views */,
				84C5572A2AF9238700B872C5 /* Model */,
				84C557292AF9235000B872C5 /* Alerts */,
				84C557272AF9232500B872C5 /* Utilities */,
				84C557232AF9223200B872C5 /* Screens */,
				84E236372AF3C42B00AEE5F1 /* Assets.xcassets */,
				84E236392AF3C42B00AEE5F1 /* Preview Content */,
			);
			path = testing4;
			sourceTree = "<group>";
		};
		84E236392AF3C42B00AEE5F1 /* Preview Content */ = {
			isa = PBXGroup;
			children = (
				84E2363A2AF3C42B00AEE5F1 /* Preview Assets.xcassets */,
			);
			path = "Preview Content";
			sourceTree = "<group>";
		};
/* End PBXGroup section */

/* Begin PBXNativeTarget section */
		84E2362F2AF3C42900AEE5F1 /* testing4 */ = {
			isa = PBXNativeTarget;
			buildConfigurationList = 84E2363E2AF3C42B00AEE5F1 /* Build configuration list for PBXNativeTarget "testing4" */;
			buildPhases = (
				84E2362C2AF3C42900AEE5F1 /* Sources */,
				84E2362D2AF3C42900AEE5F1 /* Frameworks */,
				84E2362E2AF3C42900AEE5F1 /* Resources */,
			);
			buildRules = (
			);
			dependencies = (
			);
			name = testing4;
			productName = testing4;
			productReference = 84E236302AF3C42900AEE5F1 /* testing4.app */;
			productType = "com.apple.product-type.application";
		};
/* End PBXNativeTarget section */

/* Begin PBXProject section */
		84E236282AF3C42900AEE5F1 /* Project object */ = {
			isa = PBXProject;
			attributes = {
				BuildIndependentTargetsInParallel = 1;
				LastSwiftUpdateCheck = 1500;
				LastUpgradeCheck = 1500;
				TargetAttributes = {
					84E2362F2AF3C42900AEE5F1 = {
						CreatedOnToolsVersion = 15.0;
					};
				};
			};
			buildConfigurationList = 84E2362B2AF3C42900AEE5F1 /* Build configuration list for PBXProject "testing4" */;
			compatibilityVersion = "Xcode 14.0";
			developmentRegion = en;
			hasScannedForEncodings = 0;
			knownRegions = (
				en,
				Base,
			);
			mainGroup = 84E236272AF3C42900AEE5F1;
			packageReferences = (
				107D54C32D96E95F00A551FD /* XCRemoteSwiftPackageReference "firebase-ios-sdk" */,
			);
			productRefGroup = 84E236312AF3C42900AEE5F1 /* Products */;
			projectDirPath = "";
			projectRoot = "";
			targets = (
				84E2362F2AF3C42900AEE5F1 /* testing4 */,
			);
		};
/* End PBXProject section */

/* Begin PBXResourcesBuildPhase section */
		84E2362E2AF3C42900AEE5F1 /* Resources */ = {
			isa = PBXResourcesBuildPhase;
			buildActionMask = 2147483647;
			files = (
				84E2363B2AF3C42B00AEE5F1 /* Preview Assets.xcassets in Resources */,
				84E236382AF3C42B00AEE5F1 /* Assets.xcassets in Resources */,
				107D54C92D96ED0E00A551FD /* GoogleService-Info.plist in Resources */,
			);
			runOnlyForDeploymentPostprocessing = 0;
		};
/* End PBXResourcesBuildPhase section */

/* Begin PBXSourcesBuildPhase section */
		84E2362C2AF3C42900AEE5F1 /* Sources */ = {
			isa = PBXSourcesBuildPhase;
			buildActionMask = 2147483647;
			files = (
				84C5573A2AF963CC00B872C5 /* String+Ext.swift in Sources */,
				84C5571A2AF576E700B872C5 /* DishListViewModel.swift in Sources */,
				84C557302AF925B100B872C5 /* DishDetailView.swift in Sources */,
				84C557332AF955C500B872C5 /* MyButtonView.swift in Sources */,
				107D54C22D96E2AA00A551FD /* CustomAlertType.swift in Sources */,
				84E236422AF3C61B00AEE5F1 /* OrderView.swift in Sources */,
				84E236442AF3C7BC00AEE5F1 /* DishListView.swift in Sources */,
				10288D1C2D0775B300EF09CE /* RegisterUserView.swift in Sources */,
				8459130D2AFC498500DECA16 /* Order.swift in Sources */,
				107D54D32D9708C100A551FD /* FirebaseFactory.swift in Sources */,
				84C557182AF56C6100B872C5 /* MyError.swift in Sources */,
				108DD63E2D650E8000D18BA6 /* CustomAlert.swift in Sources */,
				108DD6402D6523E400D18BA6 /* SymbolEffect+Ext.swift in Sources */,
				84E236362AF3C42900AEE5F1 /* CookerinhoTabViews.swift in Sources */,
				84C5571E2AF80D3800B872C5 /* LoadingView.swift in Sources */,
				84C557122AF55FDA00B872C5 /* Dish.swift in Sources */,
				84C557162AF56B2B00B872C5 /* NetworkManager.swift in Sources */,
				10AEBDC62CDA4B4300EB243A /* Date+Ext.swift in Sources */,
				84E236342AF3C42900AEE5F1 /* testing4App.swift in Sources */,
				84C5571C2AF8087500B872C5 /* Alert.swift in Sources */,
				84E236462AF3C8E100AEE5F1 /* AccountView.swift in Sources */,
				107D54CB2D96F23200A551FD /* FirebaseImage.swift in Sources */,
				84C557142AF5636500B872C5 /* DishCellView.swift in Sources */,
				107D54D02D97088B00A551FD /* AppDelegate.swift in Sources */,
				84C557372AF960CE00B872C5 /* AccountViewModel.swift in Sources */,
				84C557352AF9571800B872C5 /* XDismissButton.swift in Sources */,
				107D54C02D96E26C00A551FD /* CustomAlertView.swift in Sources */,
				106E78C42D0B7CB100D79A58 /* CustomTextField.swift in Sources */,
				10288D1A2D07724600EF09CE /* LoginUserView.swift in Sources */,
				108DD6422D6524FA00D18BA6 /* TestView.swift in Sources */,
				845913082AFBF9AA00DECA16 /* User.swift in Sources */,
				8459130B2AFC077D00DECA16 /* OrderEmptyStateView.swift in Sources */,
			);
			runOnlyForDeploymentPostprocessing = 0;
		};
/* End PBXSourcesBuildPhase section */

/* Begin XCBuildConfiguration section */
		84E2363C2AF3C42B00AEE5F1 /* Debug */ = {
			isa = XCBuildConfiguration;
			buildSettings = {
				ALWAYS_SEARCH_USER_PATHS = NO;
				ASSETCATALOG_COMPILER_GENERATE_SWIFT_ASSET_SYMBOL_EXTENSIONS = YES;
				CLANG_ANALYZER_NONNULL = YES;
				CLANG_ANALYZER_NUMBER_OBJECT_CONVERSION = YES_AGGRESSIVE;
				CLANG_CXX_LANGUAGE_STANDARD = "gnu++20";
				CLANG_ENABLE_MODULES = YES;
				CLANG_ENABLE_OBJC_ARC = YES;
				CLANG_ENABLE_OBJC_WEAK = YES;
				CLANG_WARN_BLOCK_CAPTURE_AUTORELEASING = YES;
				CLANG_WARN_BOOL_CONVERSION = YES;
				CLANG_WARN_COMMA = YES;
				CLANG_WARN_CONSTANT_CONVERSION = YES;
				CLANG_WARN_DEPRECATED_OBJC_IMPLEMENTATIONS = YES;
				CLANG_WARN_DIRECT_OBJC_ISA_USAGE = YES_ERROR;
				CLANG_WARN_DOCUMENTATION_COMMENTS = YES;
				CLANG_WARN_EMPTY_BODY = YES;
				CLANG_WARN_ENUM_CONVERSION = YES;
				CLANG_WARN_INFINITE_RECURSION = YES;
				CLANG_WARN_INT_CONVERSION = YES;
				CLANG_WARN_NON_LITERAL_NULL_CONVERSION = YES;
				CLANG_WARN_OBJC_IMPLICIT_RETAIN_SELF = YES;
				CLANG_WARN_OBJC_LITERAL_CONVERSION = YES;
				CLANG_WARN_OBJC_ROOT_CLASS = YES_ERROR;
				CLANG_WARN_QUOTED_INCLUDE_IN_FRAMEWORK_HEADER = YES;
				CLANG_WARN_RANGE_LOOP_ANALYSIS = YES;
				CLANG_WARN_STRICT_PROTOTYPES = YES;
				CLANG_WARN_SUSPICIOUS_MOVE = YES;
				CLANG_WARN_UNGUARDED_AVAILABILITY = YES_AGGRESSIVE;
				CLANG_WARN_UNREACHABLE_CODE = YES;
				CLANG_WARN__DUPLICATE_METHOD_MATCH = YES;
				COPY_PHASE_STRIP = NO;
				DEBUG_INFORMATION_FORMAT = dwarf;
				ENABLE_STRICT_OBJC_MSGSEND = YES;
				ENABLE_TESTABILITY = YES;
				ENABLE_USER_SCRIPT_SANDBOXING = YES;
				GCC_C_LANGUAGE_STANDARD = gnu17;
				GCC_DYNAMIC_NO_PIC = NO;
				GCC_NO_COMMON_BLOCKS = YES;
				GCC_OPTIMIZATION_LEVEL = 0;
				GCC_PREPROCESSOR_DEFINITIONS = (
					"DEBUG=1",
					"$(inherited)",
				);
				GCC_WARN_64_TO_32_BIT_CONVERSION = YES;
				GCC_WARN_ABOUT_RETURN_TYPE = YES_ERROR;
				GCC_WARN_UNDECLARED_SELECTOR = YES;
				GCC_WARN_UNINITIALIZED_AUTOS = YES_AGGRESSIVE;
				GCC_WARN_UNUSED_FUNCTION = YES;
				GCC_WARN_UNUSED_VARIABLE = YES;
				IPHONEOS_DEPLOYMENT_TARGET = 17.0;
				LOCALIZATION_PREFERS_STRING_CATALOGS = YES;
				MTL_ENABLE_DEBUG_INFO = INCLUDE_SOURCE;
				MTL_FAST_MATH = YES;
				ONLY_ACTIVE_ARCH = YES;
				SDKROOT = iphoneos;
				SWIFT_ACTIVE_COMPILATION_CONDITIONS = "DEBUG $(inherited)";
				SWIFT_OPTIMIZATION_LEVEL = "-Onone";
			};
			name = Debug;
		};
		84E2363D2AF3C42B00AEE5F1 /* Release */ = {
			isa = XCBuildConfiguration;
			buildSettings = {
				ALWAYS_SEARCH_USER_PATHS = NO;
				ASSETCATALOG_COMPILER_GENERATE_SWIFT_ASSET_SYMBOL_EXTENSIONS = YES;
				CLANG_ANALYZER_NONNULL = YES;
				CLANG_ANALYZER_NUMBER_OBJECT_CONVERSION = YES_AGGRESSIVE;
				CLANG_CXX_LANGUAGE_STANDARD = "gnu++20";
				CLANG_ENABLE_MODULES = YES;
				CLANG_ENABLE_OBJC_ARC = YES;
				CLANG_ENABLE_OBJC_WEAK = YES;
				CLANG_WARN_BLOCK_CAPTURE_AUTORELEASING = YES;
				CLANG_WARN_BOOL_CONVERSION = YES;
				CLANG_WARN_COMMA = YES;
				CLANG_WARN_CONSTANT_CONVERSION = YES;
				CLANG_WARN_DEPRECATED_OBJC_IMPLEMENTATIONS = YES;
				CLANG_WARN_DIRECT_OBJC_ISA_USAGE = YES_ERROR;
				CLANG_WARN_DOCUMENTATION_COMMENTS = YES;
				CLANG_WARN_EMPTY_BODY = YES;
				CLANG_WARN_ENUM_CONVERSION = YES;
				CLANG_WARN_INFINITE_RECURSION = YES;
				CLANG_WARN_INT_CONVERSION = YES;
				CLANG_WARN_NON_LITERAL_NULL_CONVERSION = YES;
				CLANG_WARN_OBJC_IMPLICIT_RETAIN_SELF = YES;
				CLANG_WARN_OBJC_LITERAL_CONVERSION = YES;
				CLANG_WARN_OBJC_ROOT_CLASS = YES_ERROR;
				CLANG_WARN_QUOTED_INCLUDE_IN_FRAMEWORK_HEADER = YES;
				CLANG_WARN_RANGE_LOOP_ANALYSIS = YES;
				CLANG_WARN_STRICT_PROTOTYPES = YES;
				CLANG_WARN_SUSPICIOUS_MOVE = YES;
				CLANG_WARN_UNGUARDED_AVAILABILITY = YES_AGGRESSIVE;
				CLANG_WARN_UNREACHABLE_CODE = YES;
				CLANG_WARN__DUPLICATE_METHOD_MATCH = YES;
				COPY_PHASE_STRIP = NO;
				DEBUG_INFORMATION_FORMAT = "dwarf-with-dsym";
				ENABLE_NS_ASSERTIONS = NO;
				ENABLE_STRICT_OBJC_MSGSEND = YES;
				ENABLE_USER_SCRIPT_SANDBOXING = YES;
				GCC_C_LANGUAGE_STANDARD = gnu17;
				GCC_NO_COMMON_BLOCKS = YES;
				GCC_WARN_64_TO_32_BIT_CONVERSION = YES;
				GCC_WARN_ABOUT_RETURN_TYPE = YES_ERROR;
				GCC_WARN_UNDECLARED_SELECTOR = YES;
				GCC_WARN_UNINITIALIZED_AUTOS = YES_AGGRESSIVE;
				GCC_WARN_UNUSED_FUNCTION = YES;
				GCC_WARN_UNUSED_VARIABLE = YES;
				IPHONEOS_DEPLOYMENT_TARGET = 17.0;
				LOCALIZATION_PREFERS_STRING_CATALOGS = YES;
				MTL_ENABLE_DEBUG_INFO = NO;
				MTL_FAST_MATH = YES;
				SDKROOT = iphoneos;
				SWIFT_COMPILATION_MODE = wholemodule;
				VALIDATE_PRODUCT = YES;
			};
			name = Release;
		};
		84E2363F2AF3C42B00AEE5F1 /* Debug */ = {
			isa = XCBuildConfiguration;
			buildSettings = {
				ASSETCATALOG_COMPILER_APPICON_NAME = AppIcon;
				ASSETCATALOG_COMPILER_GLOBAL_ACCENT_COLOR_NAME = AccentColor;
				CODE_SIGN_STYLE = Automatic;
				CURRENT_PROJECT_VERSION = 1;
				DEVELOPMENT_ASSET_PATHS = "\"testing4/Preview Content\"";
				DEVELOPMENT_TEAM = XT35QKLZX4;
				ENABLE_PREVIEWS = YES;
				GENERATE_INFOPLIST_FILE = YES;
				INFOPLIST_KEY_CFBundleDisplayName = Cookerinho;
				INFOPLIST_KEY_UIApplicationSceneManifest_Generation = YES;
				INFOPLIST_KEY_UIApplicationSupportsIndirectInputEvents = YES;
				INFOPLIST_KEY_UILaunchScreen_Generation = YES;
				INFOPLIST_KEY_UISupportedInterfaceOrientations = UIInterfaceOrientationPortrait;
				INFOPLIST_KEY_UISupportedInterfaceOrientations_iPad = "UIInterfaceOrientationLandscapeLeft UIInterfaceOrientationLandscapeRight UIInterfaceOrientationPortrait UIInterfaceOrientationPortraitUpsideDown";
				IPHONEOS_DEPLOYMENT_TARGET = 17.0;
				LD_RUNPATH_SEARCH_PATHS = (
					"$(inherited)",
					"@executable_path/Frameworks",
				);
				MARKETING_VERSION = 1.0;
				PRODUCT_BUNDLE_IDENTIFIER = com.Polovoy.testing4;
				PRODUCT_NAME = "$(TARGET_NAME)";
				SUPPORTED_PLATFORMS = "iphoneos iphonesimulator";
				SUPPORTS_MACCATALYST = NO;
				SUPPORTS_MAC_DESIGNED_FOR_IPHONE_IPAD = NO;
				SUPPORTS_XR_DESIGNED_FOR_IPHONE_IPAD = NO;
				SWIFT_EMIT_LOC_STRINGS = YES;
				SWIFT_VERSION = 5.0;
				TARGETED_DEVICE_FAMILY = 1;
			};
			name = Debug;
		};
		84E236402AF3C42B00AEE5F1 /* Release */ = {
			isa = XCBuildConfiguration;
			buildSettings = {
				ASSETCATALOG_COMPILER_APPICON_NAME = AppIcon;
				ASSETCATALOG_COMPILER_GLOBAL_ACCENT_COLOR_NAME = AccentColor;
				CODE_SIGN_STYLE = Automatic;
				CURRENT_PROJECT_VERSION = 1;
				DEVELOPMENT_ASSET_PATHS = "\"testing4/Preview Content\"";
				DEVELOPMENT_TEAM = XT35QKLZX4;
				ENABLE_PREVIEWS = YES;
				GENERATE_INFOPLIST_FILE = YES;
				INFOPLIST_KEY_CFBundleDisplayName = Cookerinho;
				INFOPLIST_KEY_UIApplicationSceneManifest_Generation = YES;
				INFOPLIST_KEY_UIApplicationSupportsIndirectInputEvents = YES;
				INFOPLIST_KEY_UILaunchScreen_Generation = YES;
				INFOPLIST_KEY_UISupportedInterfaceOrientations = UIInterfaceOrientationPortrait;
				INFOPLIST_KEY_UISupportedInterfaceOrientations_iPad = "UIInterfaceOrientationLandscapeLeft UIInterfaceOrientationLandscapeRight UIInterfaceOrientationPortrait UIInterfaceOrientationPortraitUpsideDown";
				IPHONEOS_DEPLOYMENT_TARGET = 17.0;
				LD_RUNPATH_SEARCH_PATHS = (
					"$(inherited)",
					"@executable_path/Frameworks",
				);
				MARKETING_VERSION = 1.0;
				PRODUCT_BUNDLE_IDENTIFIER = com.Polovoy.testing4;
				PRODUCT_NAME = "$(TARGET_NAME)";
				SUPPORTED_PLATFORMS = "iphoneos iphonesimulator";
				SUPPORTS_MACCATALYST = NO;
				SUPPORTS_MAC_DESIGNED_FOR_IPHONE_IPAD = NO;
				SUPPORTS_XR_DESIGNED_FOR_IPHONE_IPAD = NO;
				SWIFT_EMIT_LOC_STRINGS = YES;
				SWIFT_VERSION = 5.0;
				TARGETED_DEVICE_FAMILY = 1;
			};
			name = Release;
		};
/* End XCBuildConfiguration section */

/* Begin XCConfigurationList section */
		84E2362B2AF3C42900AEE5F1 /* Build configuration list for PBXProject "testing4" */ = {
			isa = XCConfigurationList;
			buildConfigurations = (
				84E2363C2AF3C42B00AEE5F1 /* Debug */,
				84E2363D2AF3C42B00AEE5F1 /* Release */,
			);
			defaultConfigurationIsVisible = 0;
			defaultConfigurationName = Release;
		};
		84E2363E2AF3C42B00AEE5F1 /* Build configuration list for PBXNativeTarget "testing4" */ = {
			isa = XCConfigurationList;
			buildConfigurations = (
				84E2363F2AF3C42B00AEE5F1 /* Debug */,
				84E236402AF3C42B00AEE5F1 /* Release */,
			);
			defaultConfigurationIsVisible = 0;
			defaultConfigurationName = Release;
		};
/* End XCConfigurationList section */

/* Begin XCRemoteSwiftPackageReference section */
		107D54C32D96E95F00A551FD /* XCRemoteSwiftPackageReference "firebase-ios-sdk" */ = {
			isa = XCRemoteSwiftPackageReference;
			repositoryURL = "https://github.com/firebase/firebase-ios-sdk.git";
			requirement = {
				kind = upToNextMajorVersion;
				minimumVersion = 11.10.0;
			};
		};
/* End XCRemoteSwiftPackageReference section */

/* Begin XCSwiftPackageProductDependency section */
		107D54C42D96E95F00A551FD /* FirebaseStorage */ = {
			isa = XCSwiftPackageProductDependency;
			package = 107D54C32D96E95F00A551FD /* XCRemoteSwiftPackageReference "firebase-ios-sdk" */;
			productName = FirebaseStorage;
		};
		107D54CD2D96F81A00A551FD /* FirebaseDatabase */ = {
			isa = XCSwiftPackageProductDependency;
			package = 107D54C32D96E95F00A551FD /* XCRemoteSwiftPackageReference "firebase-ios-sdk" */;
			productName = FirebaseDatabase;
		};
/* End XCSwiftPackageProductDependency section */
	};
	rootObject = 84E236282AF3C42900AEE5F1 /* Project object */;
}
